
Microsoft Visual Studio Solution File, Format Version 12.00
# Visual Studio Version 17
VisualStudioVersion = 17.5.002.0
MinimumVisualStudioVersion = 10.0.40219.1
Project("{9A19103F-16F7-4668-BE54-9A1E7A4F7556}") = "DewanAssessment.mvc", "DewanAssessment.mvc\DewanAssessment.mvc.csproj", "{255611EF-89E2-495A-9B6F-C2D91D404359}"
EndProject
Global
	GlobalSection(SolutionConfigurationPlatforms) = preSolution
		Debug|Any CPU = Debug|Any CPU
		Release|Any CPU = Release|Any CPU
	EndGlobalSection
	GlobalSection(ProjectConfigurationPlatforms) = postSolution
		{255611EF-89E2-495A-9B6F-C2D91D404359}.Debug|Any CPU.ActiveCfg = Debug|Any CPU
		{255611EF-89E2-495A-9B6F-C2D91D404359}.Debug|Any CPU.Build.0 = Debug|Any CPU
		{255611EF-89E2-495A-9B6F-C2D91D404359}.Release|Any CPU.ActiveCfg = Release|Any CPU
		{255611EF-89E2-495A-9B6F-C2D91D404359}.Release|Any CPU.Build.0 = Release|Any CPU
	EndGlobalSection
	GlobalSection(SolutionProperties) = preSolution
		HideSolutionNode = FALSE
	EndGlobalSection
	GlobalSection(ExtensibilityGlobals) = postSolution
		SolutionGuid = {385642B8-7357-4075-A477-201CB3A91A70}
	EndGlobalSection
EndGlobal
